// !$*UTF8*$!
{
	archiveVersion = 1;
	classes = {
	};
	objectVersion = 46;
	objects = {

/* Begin PBXBuildFile section */
		9A4EE98819BEF7B400B731FD /* UIKit.framework in Frameworks */ = {isa = PBXBuildFile; fileRef = 9A4EE98719BEF7B400B731FD /* UIKit.framework */; };
		9A4EE98A19BEF7B400B731FD /* Foundation.framework in Frameworks */ = {isa = PBXBuildFile; fileRef = 9A4EE98919BEF7B400B731FD /* Foundation.framework */; };
		9A4EE98C19BEF7B400B731FD /* CoreGraphics.framework in Frameworks */ = {isa = PBXBuildFile; fileRef = 9A4EE98B19BEF7B400B731FD /* CoreGraphics.framework */; };
		9A4EE99219BEF7B400B731FD /* InfoPlist.strings in Resources */ = {isa = PBXBuildFile; fileRef = 9A4EE99019BEF7B400B731FD /* InfoPlist.strings */; };
		9A4EE99419BEF7B500B731FD /* main.m in Sources */ = {isa = PBXBuildFile; fileRef = 9A4EE99319BEF7B500B731FD /* main.m */; };
		9A4EE99819BEF7B500B731FD /* AppDelegate.m in Sources */ = {isa = PBXBuildFile; fileRef = 9A4EE99719BEF7B500B731FD /* AppDelegate.m */; };
		9A4EE99A19BEF7B500B731FD /* Default.png in Resources */ = {isa = PBXBuildFile; fileRef = 9A4EE99919BEF7B500B731FD /* Default.png */; };
		9A4EE99C19BEF7B500B731FD /* Default@2x.png in Resources */ = {isa = PBXBuildFile; fileRef = 9A4EE99B19BEF7B500B731FD /* Default@2x.png */; };
		9A4EE99E19BEF7B500B731FD /* Default-568h@2x.png in Resources */ = {isa = PBXBuildFile; fileRef = 9A4EE99D19BEF7B500B731FD /* Default-568h@2x.png */; };
		9A4EE9A119BEF7B500B731FD /* MainStoryboard.storyboard in Resources */ = {isa = PBXBuildFile; fileRef = 9A4EE99F19BEF7B500B731FD /* MainStoryboard.storyboard */; };
		9A4EE9A419BEF7B500B731FD /* ViewController.m in Sources */ = {isa = PBXBuildFile; fileRef = 9A4EE9A319BEF7B500B731FD /* ViewController.m */; };
/* End PBXBuildFile section */

/* Begin PBXFileReference section */
		9A4EE98419BEF7B400B731FD /* SecondLevelTableView.app */ = {isa = PBXFileReference; explicitFileType = wrapper.application; includeInIndex = 0; path = SecondLevelTableView.app; sourceTree = BUILT_PRODUCTS_DIR; };
		9A4EE98719BEF7B400B731FD /* UIKit.framework */ = {isa = PBXFileReference; lastKnownFileType = wrapper.framework; name = UIKit.framework; path = System/Library/Frameworks/UIKit.framework; sourceTree = SDKROOT; };
		9A4EE98919BEF7B400B731FD /* Foundation.framework */ = {isa = PBXFileReference; lastKnownFileType = wrapper.framework; name = Foundation.framework; path = System/Library/Frameworks/Foundation.framework; sourceTree = SDKROOT; };
		9A4EE98B19BEF7B400B731FD /* CoreGraphics.framework */ = {isa = PBXFileReference; lastKnownFileType = wrapper.framework; name = CoreGraphics.framework; path = System/Library/Frameworks/CoreGraphics.framework; sourceTree = SDKROOT; };
		9A4EE98F19BEF7B400B731FD /* SecondLevelTableView-Info.plist */ = {isa = PBXFileReference; lastKnownFileType = text.plist.xml; path = "SecondLevelTableView-Info.plist"; sourceTree = "<group>"; };
		9A4EE99119BEF7B400B731FD /* en */ = {isa = PBXFileReference; lastKnownFileType = text.plist.strings; name = en; path = en.lproj/InfoPlist.strings; sourceTree = "<group>"; };
		9A4EE99319BEF7B500B731FD /* main.m */ = {isa = PBXFileReference; lastKnownFileType = sourcecode.c.objc; path = main.m; sourceTree = "<group>"; };
		9A4EE99519BEF7B500B731FD /* SecondLevelTableView-Prefix.pch */ = {isa = PBXFileReference; lastKnownFileType = sourcecode.c.h; path = "SecondLevelTableView-Prefix.pch"; sourceTree = "<group>"; };
		9A4EE99619BEF7B500B731FD /* AppDelegate.h */ = {isa = PBXFileReference; lastKnownFileType = sourcecode.c.h; path = AppDelegate.h; sourceTree = "<group>"; };
		9A4EE99719BEF7B500B731FD /* AppDelegate.m */ = {isa = PBXFileReference; lastKnownFileType = sourcecode.c.objc; path = AppDelegate.m; sourceTree = "<group>"; };
		9A4EE99919BEF7B500B731FD /* Default.png */ = {isa = PBXFileReference; lastKnownFileType = image.png; path = Default.png; sourceTree = "<group>"; };
		9A4EE99B19BEF7B500B731FD /* Default@2x.png */ = {isa = PBXFileReference; lastKnownFileType = image.png; path = "Default@2x.png"; sourceTree = "<group>"; };
		9A4EE99D19BEF7B500B731FD /* Default-568h@2x.png */ = {isa = PBXFileReference; lastKnownFileType = image.png; path = "Default-568h@2x.png"; sourceTree = "<group>"; };
		9A4EE9A019BEF7B500B731FD /* en */ = {isa = PBXFileReference; lastKnownFileType = file.storyboard; name = en; path = en.lproj/MainStoryboard.storyboard; sourceTree = "<group>"; };
		9A4EE9A219BEF7B500B731FD /* ViewController.h */ = {isa = PBXFileReference; lastKnownFileType = sourcecode.c.h; path = ViewController.h; sourceTree = "<group>"; };
		9A4EE9A319BEF7B500B731FD /* ViewController.m */ = {isa = PBXFileReference; lastKnownFileType = sourcecode.c.objc; path = ViewController.m; sourceTree = "<group>"; };
/* End PBXFileReference section */

/* Begin PBXFrameworksBuildPhase section */
		9A4EE98119BEF7B400B731FD /* Frameworks */ = {
			isa = PBXFrameworksBuildPhase;
			buildActionMask = 2147483647;
			files = (
				9A4EE98819BEF7B400B731FD /* UIKit.framework in Frameworks */,
				9A4EE98A19BEF7B400B731FD /* Foundation.framework in Frameworks */,
				9A4EE98C19BEF7B400B731FD /* CoreGraphics.framework in Frameworks */,
			);
			runOnlyForDeploymentPostprocessing = 0;
		};
/* End PBXFrameworksBuildPhase section */

/* Begin PBXGroup section */
		9A4EE97B19BEF7B400B731FD = {
			isa = PBXGroup;
			children = (
				9A4EE98D19BEF7B400B731FD /* SecondLevelTableView */,
				9A4EE98619BEF7B400B731FD /* Frameworks */,
				9A4EE98519BEF7B400B731FD /* Products */,
			);
			sourceTree = "<group>";
		};
		9A4EE98519BEF7B400B731FD /* Products */ = {
			isa = PBXGroup;
			children = (
				9A4EE98419BEF7B400B731FD /* SecondLevelTableView.app */,
			);
			name = Products;
			sourceTree = "<group>";
		};
		9A4EE98619BEF7B400B731FD /* Frameworks */ = {
			isa = PBXGroup;
			children = (
				9A4EE98719BEF7B400B731FD /* UIKit.framework */,
				9A4EE98919BEF7B400B731FD /* Foundation.framework */,
				9A4EE98B19BEF7B400B731FD /* CoreGraphics.framework */,
			);
			name = Frameworks;
			sourceTree = "<group>";
		};
		9A4EE98D19BEF7B400B731FD /* SecondLevelTableView */ = {
			isa = PBXGroup;
			children = (
				9A4EE99619BEF7B500B731FD /* AppDelegate.h */,
				9A4EE99719BEF7B500B731FD /* AppDelegate.m */,
				9A4EE99F19BEF7B500B731FD /* MainStoryboard.storyboard */,
				9A4EE9A219BEF7B500B731FD /* ViewController.h */,
				9A4EE9A319BEF7B500B731FD /* ViewController.m */,
				9A4EE98E19BEF7B400B731FD /* Supporting Files */,
			);
			path = SecondLevelTableView;
			sourceTree = "<group>";
		};
		9A4EE98E19BEF7B400B731FD /* Supporting Files */ = {
			isa = PBXGroup;
			children = (
				9A4EE98F19BEF7B400B731FD /* SecondLevelTableView-Info.plist */,
				9A4EE99019BEF7B400B731FD /* InfoPlist.strings */,
				9A4EE99319BEF7B500B731FD /* main.m */,
				9A4EE99519BEF7B500B731FD /* SecondLevelTableView-Prefix.pch */,
				9A4EE99919BEF7B500B731FD /* Default.png */,
				9A4EE99B19BEF7B500B731FD /* Default@2x.png */,
				9A4EE99D19BEF7B500B731FD /* Default-568h@2x.png */,
			);
			name = "Supporting Files";
			sourceTree = "<group>";
		};
/* End PBXGroup section */

/* Begin PBXNativeTarget section */
		9A4EE98319BEF7B400B731FD /* SecondLevelTableView */ = {
			isa = PBXNativeTarget;
			buildConfigurationList = 9A4EE9A719BEF7B500B731FD /* Build configuration list for PBXNativeTarget "SecondLevelTableView" */;
			buildPhases = (
				9A4EE98019BEF7B400B731FD /* Sources */,
				9A4EE98119BEF7B400B731FD /* Frameworks */,
				9A4EE98219BEF7B400B731FD /* Resources */,
			);
			buildRules = (
			);
			dependencies = (
			);
			name = SecondLevelTableView;
			productName = SecondLevelTableView;
			productReference = 9A4EE98419BEF7B400B731FD /* SecondLevelTableView.app */;
			productType = "com.apple.product-type.application";
		};
/* End PBXNativeTarget section */

/* Begin PBXProject section */
		9A4EE97C19BEF7B400B731FD /* Project object */ = {
			isa = PBXProject;
			attributes = {
				LastUpgradeCheck = 0460;
				ORGANIZATIONNAME = "黄晓彤";
			};
			buildConfigurationList = 9A4EE97F19BEF7B400B731FD /* Build configuration list for PBXProject "SecondLevelTableView" */;
			compatibilityVersion = "Xcode 3.2";
			developmentRegion = English;
			hasScannedForEncodings = 0;
			knownRegions = (
				en,
			);
			mainGroup = 9A4EE97B19BEF7B400B731FD;
			productRefGroup = 9A4EE98519BEF7B400B731FD /* Products */;
			projectDirPath = "";
			projectRoot = "";
			targets = (
				9A4EE98319BEF7B400B731FD /* SecondLevelTableView */,
			);
		};
/* End PBXProject section */

/* Begin PBXResourcesBuildPhase section */
		9A4EE98219BEF7B400B731FD /* Resources */ = {
			isa = PBXResourcesBuildPhase;
			buildActionMask = 2147483647;
			files = (
				9A4EE99219BEF7B400B731FD /* InfoPlist.strings in Resources */,
				9A4EE99A19BEF7B500B731FD /* Default.png in Resources */,
				9A4EE99C19BEF7B500B731FD /* Default@2x.png in Resources */,
				9A4EE99E19BEF7B500B731FD /* Default-568h@2x.png in Resources */,
				9A4EE9A119BEF7B500B731FD /* MainStoryboard.storyboard in Resources */,
			);
			runOnlyForDeploymentPostprocessing = 0;
		};
/* End PBXResourcesBuildPhase section */

/* Begin PBXSourcesBuildPhase section */
		9A4EE98019BEF7B400B731FD /* Sources */ = {
			isa = PBXSourcesBuildPhase;
			buildActionMask = 2147483647;
			files = (
				9A4EE99419BEF7B500B731FD /* main.m in Sources */,
				9A4EE99819BEF7B500B731FD /* AppDelegate.m in Sources */,
				9A4EE9A419BEF7B500B731FD /* ViewController.m in Sources */,
			);
			runOnlyForDeploymentPostprocessing = 0;
		};
/* End PBXSourcesBuildPhase section */

/* Begin PBXVariantGroup section */
		9A4EE99019BEF7B400B731FD /* InfoPlist.strings */ = {
			isa = PBXVariantGroup;
			children = (
				9A4EE99119BEF7B400B731FD /* en */,
			);
			name = InfoPlist.strings;
			sourceTree = "<group>";
		};
		9A4EE99F19BEF7B500B731FD /* MainStoryboard.storyboard */ = {
			isa = PBXVariantGroup;
			children = (
				9A4EE9A019BEF7B500B731FD /* en */,
			);
			name = MainStoryboard.storyboard;
			sourceTree = "<group>";
		};
/* End PBXVariantGroup section */

/* Begin XCBuildConfiguration section */
		9A4EE9A519BEF7B500B731FD /* Debug */ = {
			isa = XCBuildConfiguration;
			buildSettings = {
				ALWAYS_SEARCH_USER_PATHS = NO;
				CLANG_CXX_LANGUAGE_STANDARD = "gnu++0x";
				CLANG_CXX_LIBRARY = "libc++";
				CLANG_ENABLE_OBJC_ARC = YES;
				CLANG_WARN_CONSTANT_CONVERSION = YES;
				CLANG_WARN_EMPTY_BODY = YES;
				CLANG_WARN_ENUM_CONVERSION = YES;
				CLANG_WARN_INT_CONVERSION = YES;
				CLANG_WARN__DUPLICATE_METHOD_MATCH = YES;
				"CODE_SIGN_IDENTITY[sdk=iphoneos*]" = "iPhone Developer";
				COPY_PHASE_STRIP = NO;
				GCC_C_LANGUAGE_STANDARD = gnu99;
				GCC_DYNAMIC_NO_PIC = NO;
				GCC_OPTIMIZATION_LEVEL = 0;
				GCC_PREPROCESSOR_DEFINITIONS = (
					"DEBUG=1",
					"$(inherited)",
				);
				GCC_SYMBOLS_PRIVATE_EXTERN = NO;
				GCC_WARN_ABOUT_RETURN_TYPE = YES;
				GCC_WARN_UNINITIALIZED_AUTOS = YES;
				GCC_WARN_UNUSED_VARIABLE = YES;
				IPHONEOS_DEPLOYMENT_TARGET = 6.1;
				ONLY_ACTIVE_ARCH = YES;
				SDKROOT = iphoneos;
			};
			name = Debug;
		};
		9A4EE9A619BEF7B500B731FD /* Release */ = {
			isa = XCBuildConfiguration;
			buildSettings = {
				ALWAYS_SEARCH_USER_PATHS = NO;
				CLANG_CXX_LANGUAGE_STANDARD = "gnu++0x";
				CLANG_CXX_LIBRARY = "libc++";
				CLANG_ENABLE_OBJC_ARC = YES;
				CLANG_WARN_CONSTANT_CONVERSION = YES;
				CLANG_WARN_EMPTY_BODY = YES;
				CLANG_WARN_ENUM_CONVERSION = YES;
				CLANG_WARN_INT_CONVERSION = YES;
				CLANG_WARN__DUPLICATE_METHOD_MATCH = YES;
				"CODE_SIGN_IDENTITY[sdk=iphoneos*]" = "iPhone Developer";
				COPY_PHASE_STRIP = YES;
				GCC_C_LANGUAGE_STANDARD = gnu99;
				GCC_WARN_ABOUT_RETURN_TYPE = YES;
				GCC_WARN_UNINITIALIZED_AUTOS = YES;
				GCC_WARN_UNUSED_VARIABLE = YES;
				IPHONEOS_DEPLOYMENT_TARGET = 6.1;
				OTHER_CFLAGS = "-DNS_BLOCK_ASSERTIONS=1";
				SDKROOT = iphoneos;
				VALIDATE_PRODUCT = YES;
			};
			name = Release;
		};
		9A4EE9A819BEF7B500B731FD /* Debug */ = {
			isa = XCBuildConfiguration;
			buildSettings = {
				GCC_PRECOMPILE_PREFIX_HEADER = YES;
				GCC_PREFIX_HEADER = "SecondLevelTableView/SecondLevelTableView-Prefix.pch";
				INFOPLIST_FILE = "SecondLevelTableView/SecondLevelTableView-Info.plist";
				PRODUCT_NAME = "$(TARGET_NAME)";
				WRAPPER_EXTENSION = app;
			};
			name = Debug;
		};
		9A4EE9A919BEF7B500B731FD /* Release */ = {
			isa = XCBuildConfiguration;
			buildSettings = {
				GCC_PRECOMPILE_PREFIX_HEADER = YES;
				GCC_PREFIX_HEADER = "SecondLevelTableView/SecondLevelTableView-Prefix.pch";
				INFOPLIST_FILE = "SecondLevelTableView/SecondLevelTableView-Info.plist";
				PRODUCT_NAME = "$(TARGET_NAME)";
				WRAPPER_EXTENSION = app;
			};
			name = Release;
		};
/* End XCBuildConfiguration section */

/* Begin XCConfigurationList section */
		9A4EE97F19BEF7B400B731FD /* Build configuration list for PBXProject "SecondLevelTableView" */ = {
			isa = XCConfigurationList;
			buildConfigurations = (
				9A4EE9A519BEF7B500B731FD /* Debug */,
				9A4EE9A619BEF7B500B731FD /* Release */,
			);
			defaultConfigurationIsVisible = 0;
			defaultConfigurationName = Release;
		};
		9A4EE9A719BEF7B500B731FD /* Build configuration list for PBXNativeTarget "SecondLevelTableView" */ = {
			isa = XCConfigurationList;
			buildConfigurations = (
				9A4EE9A819BEF7B500B731FD /* Debug */,
				9A4EE9A919BEF7B500B731FD /* Release */,
			);
			defaultConfigurationIsVisible = 0;
		};
/* End XCConfigurationList section */
	};
	rootObject = 9A4EE97C19BEF7B400B731FD /* Project object */;
}
